
Microsoft Visual Studio Solution File, Format Version 12.00
# Visual Studio Version 18
VisualStudioVersion = 18.0.11205.157
MinimumVisualStudioVersion = 10.0.40219.1
Project("{FAE04EC0-301F-11D3-BF4B-00C04F79EFBC}") = "FurnitureSolution", "FurnitureSolution.csproj", "{D25E987F-962A-3DED-2546-A3C5784A23DE}"
EndProject
Project("{FAE04EC0-301F-11D3-BF4B-00C04F79EFBC}") = "FurnitureSolutionAnalyzer", "..\FurnitureSolutionAnalyzer\FurnitureSolutionAnalyzer.csproj", "{CE3B0F0C-C9F9-4B21-9259-015BB1B8108D}"
EndProject
Global
	GlobalSection(SolutionConfigurationPlatforms) = preSolution
		Debug|Any CPU = Debug|Any CPU
		Release|Any CPU = Release|Any CPU
	EndGlobalSection
	GlobalSection(ProjectConfigurationPlatforms) = postSolution
		{D25E987F-962A-3DED-2546-A3C5784A23DE}.Debug|Any CPU.ActiveCfg = Debug|Any CPU
		{D25E987F-962A-3DED-2546-A3C5784A23DE}.Debug|Any CPU.Build.0 = Debug|Any CPU
		{D25E987F-962A-3DED-2546-A3C5784A23DE}.Release|Any CPU.ActiveCfg = Release|Any CPU
		{D25E987F-962A-3DED-2546-A3C5784A23DE}.Release|Any CPU.Build.0 = Release|Any CPU
		{CE3B0F0C-C9F9-4B21-9259-015BB1B8108D}.Debug|Any CPU.ActiveCfg = Debug|Any CPU
		{CE3B0F0C-C9F9-4B21-9259-015BB1B8108D}.Debug|Any CPU.Build.0 = Debug|Any CPU
		{CE3B0F0C-C9F9-4B21-9259-015BB1B8108D}.Release|Any CPU.ActiveCfg = Release|Any CPU
		{CE3B0F0C-C9F9-4B21-9259-015BB1B8108D}.Release|Any CPU.Build.0 = Release|Any CPU
	EndGlobalSection
	GlobalSection(SolutionProperties) = preSolution
		HideSolutionNode = FALSE
	EndGlobalSection
	GlobalSection(ExtensibilityGlobals) = postSolution
		SolutionGuid = {9C294D58-C08D-4070-B333-2241D6955CBB}
	EndGlobalSection
EndGlobal
